{
  "originHash" : "0e0850993cd64c0d766eb95296033f1f1511a97e93a202ace4be2bbe9cadea09",
  "pins" : [
    {
      "identity" : "kingfisher",
      "kind" : "remoteSourceControl",
      "location" : "https://github.com/onevcat/Kingfisher",
      "state" : {
        "revision" : "c152c1915f60c51e4afa0752656993ee5b3c63db",
        "version" : "8.8.1"
      }
    },
    {
      "identity" : "swiftsoup",
      "kind" : "remoteSourceControl",
      "location" : "https://github.com/scinfu/SwiftSoup",
      "state" : {
        "revision" : "dba183c96b2da4e4b80bb31b1e2e59cb9542b8fc",
        "version" : "2.13.0"
      }
    }
  ],
  "version" : 3
}
